
Microsoft Visual Studio Solution File, Format Version 12.00
# Visual Studio Version 17
VisualStudioVersion = 17.10.35027.167
MinimumVisualStudioVersion = 10.0.40219.1
Project("{FAE04EC0-301F-11D3-BF4B-00C04F79EFBC}") = "projeto-solid", "projeto-solid\projeto-solid.csproj", "{67301F42-554E-4D8A-9358-92E61429EC4E}"
EndProject
Global
	GlobalSection(SolutionConfigurationPlatforms) = preSolution
		Debug|Any CPU = Debug|Any CPU
		Release|Any CPU = Release|Any CPU
	EndGlobalSection
	GlobalSection(ProjectConfigurationPlatforms) = postSolution
		{67301F42-554E-4D8A-9358-92E61429EC4E}.Debug|Any CPU.ActiveCfg = Debug|Any CPU
		{67301F42-554E-4D8A-9358-92E61429EC4E}.Debug|Any CPU.Build.0 = Debug|Any CPU
		{67301F42-554E-4D8A-9358-92E61429EC4E}.Release|Any CPU.ActiveCfg = Release|Any CPU
		{67301F42-554E-4D8A-9358-92E61429EC4E}.Release|Any CPU.Build.0 = Release|Any CPU
	EndGlobalSection
	GlobalSection(SolutionProperties) = preSolution
		HideSolutionNode = FALSE
	EndGlobalSection
	GlobalSection(ExtensibilityGlobals) = postSolution
		SolutionGuid = {F43691E5-5720-4F18-86E4-CC64861472DF}
	EndGlobalSection
EndGlobal
